{
  "nodes": {
    "aagl": {
      "inputs": {
        "flake-compat": "flake-compat",
        "nixpkgs": [
          "nixpkgs"
        ]
      },
      "locked": {
        "lastModified": 1721560199,
        "narHash": "sha256-XQVh+i9/m2J2AfwuqJcKpm3GM67Top8mHKgaJ7lL1l0=",
        "owner": "ezKEa",
        "repo": "aagl-gtk-on-nix",
        "rev": "cdb74c540af1d365ea799ba5d2200df707e31090",
        "type": "github"
      },
      "original": {
        "owner": "ezKEa",
        "repo": "aagl-gtk-on-nix",
        "type": "github"
      }
    },
    "agenix": {
      "inputs": {
        "darwin": "darwin",
        "home-manager": "home-manager",
        "nixpkgs": [
          "nixpkgs"
        ],
        "systems": "systems"
      },
      "locked": {
        "lastModified": 1720546205,
        "narHash": "sha256-boCXsjYVxDviyzoEyAk624600f3ZBo/DKtUdvMTpbGY=",
        "owner": "ryantm",
        "repo": "agenix",
        "rev": "de96bd907d5fbc3b14fc33ad37d1b9a3cb15edc6",
        "type": "github"
      },
      "original": {
        "owner": "ryantm",
        "repo": "agenix",
        "type": "github"
      }
    },
    "darwin": {
      "inputs": {
        "nixpkgs": [
          "agenix",
          "nixpkgs"
        ]
      },
      "locked": {
        "lastModified": 1700795494,
        "narHash": "sha256-gzGLZSiOhf155FW7262kdHo2YDeugp3VuIFb4/GGng0=",
        "owner": "lnl7",
        "repo": "nix-darwin",
        "rev": "4b9b83d5a92e8c1fbfd8eb27eda375908c11ec4d",
        "type": "github"
      },
      "original": {
        "owner": "lnl7",
        "ref": "master",
        "repo": "nix-darwin",
        "type": "github"
      }
    },
    "flake-compat": {
      "flake": false,
      "locked": {
        "lastModified": 1696426674,
        "narHash": "sha256-kvjfFW7WAETZlt09AgDn1MrtKzP7t90Vf7vypd3OL1U=",
        "owner": "edolstra",
        "repo": "flake-compat",
        "rev": "0f9255e01c2351cc7d116c072cb317785dd33b33",
        "type": "github"
      },
      "original": {
        "owner": "edolstra",
        "repo": "flake-compat",
        "type": "github"
      }
    },
    "gen-nvim": {
      "flake": false,
      "locked": {
        "lastModified": 1717706134,
        "narHash": "sha256-z03a2au40RIcpDUTRSWlWAbo1E+MgEgVaobFWV8hIaI=",
        "owner": "David-Kunz",
        "repo": "gen.nvim",
        "rev": "b1230ce2993b2be38a1e22606750d05a94307380",
        "type": "github"
      },
      "original": {
        "owner": "David-Kunz",
        "repo": "gen.nvim",
        "type": "github"
      }
    },
    "home-manager": {
      "inputs": {
        "nixpkgs": [
          "agenix",
          "nixpkgs"
        ]
      },
      "locked": {
        "lastModified": 1703113217,
        "narHash": "sha256-7ulcXOk63TIT2lVDSExj7XzFx09LpdSAPtvgtM7yQPE=",
        "owner": "nix-community",
        "repo": "home-manager",
        "rev": "3bfaacf46133c037bb356193bd2f1765d9dc82c1",
        "type": "github"
      },
      "original": {
        "owner": "nix-community",
        "repo": "home-manager",
        "type": "github"
      }
    },
    "home-manager_2": {
      "inputs": {
        "nixpkgs": [
          "nixpkgs"
        ]
      },
      "locked": {
        "lastModified": 1721714663,
        "narHash": "sha256-ZDW5+rlROxaOuoEfIQM7Gqhoa+WALEYdYIiZhyJjAu0=",
        "owner": "nix-community",
        "repo": "home-manager",
        "rev": "7560dc942a6fbd37ebd1310b3dbda513de2d4b82",
        "type": "github"
      },
      "original": {
        "owner": "nix-community",
        "repo": "home-manager",
        "type": "github"
      }
    },
    "nix-index-database": {
      "inputs": {
        "nixpkgs": [
          "nixpkgs"
        ]
      },
      "locked": {
        "lastModified": 1721531260,
        "narHash": "sha256-O72uxk4gYFQDwNkoBioyrR3GK9EReZmexCStBaORMW8=",
        "owner": "Mic92",
        "repo": "nix-index-database",
        "rev": "b6db9fd8dc59bb2ccb403f76d16ba8bbc1d5263d",
        "type": "github"
      },
      "original": {
        "owner": "Mic92",
        "repo": "nix-index-database",
        "type": "github"
      }
    },
    "nixpkgs": {
      "locked": {
        "lastModified": 1721562059,
        "narHash": "sha256-Tybxt65eyOARf285hMHIJ2uul8SULjFZbT9ZaEeUnP8=",
        "owner": "nixos",
        "repo": "nixpkgs",
        "rev": "68c9ed8bbed9dfce253cc91560bf9043297ef2fe",
        "type": "github"
      },
      "original": {
        "owner": "nixos",
        "ref": "nixos-unstable",
        "repo": "nixpkgs",
        "type": "github"
      }
    },
    "nur": {
      "locked": {
        "lastModified": 1721745148,
        "narHash": "sha256-2drs6Hx5jKX6ThFzJI7mt8Z5HbKeOahy4oOwSH+K64w=",
        "owner": "nix-community",
        "repo": "NUR",
        "rev": "b0d3dca877f0ef165e955d0ddd8c1df6670707b9",
        "type": "github"
      },
      "original": {
        "owner": "nix-community",
        "repo": "NUR",
        "type": "github"
      }
    },
    "root": {
      "inputs": {
        "aagl": "aagl",
        "agenix": "agenix",
        "gen-nvim": "gen-nvim",
        "home-manager": "home-manager_2",
        "nix-index-database": "nix-index-database",
        "nixpkgs": "nixpkgs",
        "nur": "nur"
      }
    },
    "systems": {
      "locked": {
        "lastModified": 1681028828,
        "narHash": "sha256-Vy1rq5AaRuLzOxct8nz4T6wlgyUR7zLU309k9mBC768=",
        "owner": "nix-systems",
        "repo": "default",
        "rev": "da67096a3b9bf56a91d16901293e51ba5b49a27e",
        "type": "github"
      },
      "original": {
        "owner": "nix-systems",
        "repo": "default",
        "type": "github"
      }
    }
  },
  "root": "root",
  "version": 7
}
